
Microsoft Visual Studio Solution File, Format Version 12.00
# Visual Studio Version 17
VisualStudioVersion = 17.12.35527.113 d17.12
MinimumVisualStudioVersion = 10.0.40219.1
Project("{FAE04EC0-301F-11D3-BF4B-00C04F79EFBC}") = "zeynep_aksan_221120241065", "zeynep_aksan_221120241065\zeynep_aksan_221120241065.csproj", "{94936B25-C165-44C1-BE42-6667CC11D655}"
EndProject
Global
	GlobalSection(SolutionConfigurationPlatforms) = preSolution
		Debug|Any CPU = Debug|Any CPU
		Release|Any CPU = Release|Any CPU
	EndGlobalSection
	GlobalSection(ProjectConfigurationPlatforms) = postSolution
		{94936B25-C165-44C1-BE42-6667CC11D655}.Debug|Any CPU.ActiveCfg = Debug|Any CPU
		{94936B25-C165-44C1-BE42-6667CC11D655}.Debug|Any CPU.Build.0 = Debug|Any CPU
		{94936B25-C165-44C1-BE42-6667CC11D655}.Release|Any CPU.ActiveCfg = Release|Any CPU
		{94936B25-C165-44C1-BE42-6667CC11D655}.Release|Any CPU.Build.0 = Release|Any CPU
	EndGlobalSection
	GlobalSection(SolutionProperties) = preSolution
		HideSolutionNode = FALSE
	EndGlobalSection
EndGlobal
